
Microsoft Visual Studio Solution File, Format Version 12.00
# Visual Studio 2012
Project("{9344BDBB-3E7F-41FC-A0DD-8665D75EE146}") = "DeRoo_IOS", "DeRoo_IOS.csproj", "{E009A1A3-FF54-4513-99C7-A81BE3440F3A}"
EndProject
Global
	GlobalSection(SolutionConfigurationPlatforms) = preSolution
		Debug|iPhoneSimulator = Debug|iPhoneSimulator
		Release|iPhoneSimulator = Release|iPhoneSimulator
		Debug|iPhone = Debug|iPhone
		Release|iPhone = Release|iPhone
		Ad-Hoc|iPhone = Ad-Hoc|iPhone
		AppStore|iPhone = AppStore|iPhone
	EndGlobalSection
	GlobalSection(ProjectConfigurationPlatforms) = postSolution
		{E009A1A3-FF54-4513-99C7-A81BE3440F3A}.Debug|iPhoneSimulator.ActiveCfg = Debug|iPhoneSimulator
		{E009A1A3-FF54-4513-99C7-A81BE3440F3A}.Debug|iPhoneSimulator.Build.0 = Debug|iPhoneSimulator
		{E009A1A3-FF54-4513-99C7-A81BE3440F3A}.Release|iPhoneSimulator.ActiveCfg = Release|iPhoneSimulator
		{E009A1A3-FF54-4513-99C7-A81BE3440F3A}.Release|iPhoneSimulator.Build.0 = Release|iPhoneSimulator
		{E009A1A3-FF54-4513-99C7-A81BE3440F3A}.Debug|iPhone.ActiveCfg = Debug|iPhone
		{E009A1A3-FF54-4513-99C7-A81BE3440F3A}.Debug|iPhone.Build.0 = Debug|iPhone
		{E009A1A3-FF54-4513-99C7-A81BE3440F3A}.Release|iPhone.ActiveCfg = Release|iPhone
		{E009A1A3-FF54-4513-99C7-A81BE3440F3A}.Release|iPhone.Build.0 = Release|iPhone
		{E009A1A3-FF54-4513-99C7-A81BE3440F3A}.Ad-Hoc|iPhone.ActiveCfg = Ad-Hoc|iPhone
		{E009A1A3-FF54-4513-99C7-A81BE3440F3A}.Ad-Hoc|iPhone.Build.0 = Ad-Hoc|iPhone
		{E009A1A3-FF54-4513-99C7-A81BE3440F3A}.AppStore|iPhone.ActiveCfg = AppStore|iPhone
		{E009A1A3-FF54-4513-99C7-A81BE3440F3A}.AppStore|iPhone.Build.0 = AppStore|iPhone
	EndGlobalSection
EndGlobal
